
Microsoft Visual Studio Solution File, Format Version 12.00
# Visual Studio Version 16
VisualStudioVersion = 16.0.29326.143
MinimumVisualStudioVersion = 10.0.40219.1
Project("{FAE04EC0-301F-11D3-BF4B-00C04F79EFBC}") = "ejercicios matrices", "ejercicios matrices\ejercicios matrices.csproj", "{3D7902DD-DE8C-4724-AF07-3CB030A682D1}"
EndProject
Global
	GlobalSection(SolutionConfigurationPlatforms) = preSolution
		Debug|Any CPU = Debug|Any CPU
		Release|Any CPU = Release|Any CPU
	EndGlobalSection
	GlobalSection(ProjectConfigurationPlatforms) = postSolution
		{3D7902DD-DE8C-4724-AF07-3CB030A682D1}.Debug|Any CPU.ActiveCfg = Debug|Any CPU
		{3D7902DD-DE8C-4724-AF07-3CB030A682D1}.Debug|Any CPU.Build.0 = Debug|Any CPU
		{3D7902DD-DE8C-4724-AF07-3CB030A682D1}.Release|Any CPU.ActiveCfg = Release|Any CPU
		{3D7902DD-DE8C-4724-AF07-3CB030A682D1}.Release|Any CPU.Build.0 = Release|Any CPU
	EndGlobalSection
	GlobalSection(SolutionProperties) = preSolution
		HideSolutionNode = FALSE
	EndGlobalSection
	GlobalSection(ExtensibilityGlobals) = postSolution
		SolutionGuid = {229D9BFE-DB5B-499E-82B5-8594137D44D9}
	EndGlobalSection
EndGlobal
